lock:
  version: 1
  generated_at: 2026-06-04
  package: portable-harness
  harness_version: 0.1.0
  profile: full
  source:
    type: local
    path: ~/code/harness
    channel: dev
    install_model: installed-instance
  modules:
    - id: agent-operating-contract
      version: 0.1.0
    - id: progressive-orientation
      version: 0.1.0
    - id: decisions-open-questions
      version: 0.1.0
    - id: structured-metadata
      version: 0.1.0
    - id: canonical-state
      version: 0.1.0
    - id: invariants-golden-principles
      version: 0.1.0
    - id: plans-and-status
      version: 0.1.0
    - id: durable-memory
      version: 0.1.0
    - id: capture-triage
      version: 0.1.0
    - id: application-corpus-legibility
      version: 0.1.0
    - id: reports-retrieval
      version: 0.1.0
    - id: reconciliation-drift-detection
      version: 0.1.0
    - id: gardening-entropy-management
      version: 0.1.0
  files:
    - path: .gitignore
      owner: harness-lifecycle
      owner_type: harness-lifecycle
      mode: replace
      merge_strategy: replace
      artifact_role: module-artifact
      source: module-template
      source_kind: module-template
      source_path: modules/agent-operating-contract/templates/gitignore
      source_sha256: 7c2516ac2a0a87620379ffeab1ff3ec1fcacc5d6991499d8b7977ac338c2d594
      sha256: 7adc6446da3735f4330bf240b75baebd874dd1f6d04f0308942f80e785610aa4
    - path: .harness/manifest.yaml
      owner: harness-lifecycle
      owner_type: harness-lifecycle
      mode: replace
      merge_strategy: replace
      artifact_role: installed-manifest
      source: generated-manifest
      source_kind: generated-manifest
      sha256: df5cdf942866ae5de22f46d4d28ad6200a76560cb0af1378f855a00d9cdf824e
    - path: AGENTS.md
      owner: agent-operating-contract
      owner_type: module
      module_id: agent-operating-contract
      mode: merge
      merge_strategy: merge
      artifact_role: managed-file
      source: generated
      source_kind: generated
      sha256: 47aedfdfc46fce6d3f7e026541ea99e910d2bf4d3d0d82d2c969420a219e4a8b
    - path: capture/inbox.yaml
      owner: capture-triage
      owner_type: module
      module_id: capture-triage
      mode: merge
      merge_strategy: merge
      artifact_role: managed-file
      source: module-template
      source_kind: module-template
      source_path: modules/capture-triage/templates/inbox.yaml
      source_sha256: 02332b176f1a72f4ad7cb0c9817d9cf0f00b87d0b5d8ad7e30bb5398f416338d
      sha256: ca6fa565ecb9f57ca24c987e931718b5cd3e2a060850ec9d7f555f9cd286fa23
    - path: capture/README.md
      owner: capture-triage
      owner_type: module
      module_id: capture-triage
      mode: merge
      merge_strategy: merge
      artifact_role: managed-file
      source: module-template
      source_kind: module-template
      source_path: modules/capture-triage/templates/README.md
      source_sha256: 141e71285cd71a817f29c21d00a1e3050176781c41dc771e34fce264c9760ef6
      sha256: 498e49667e924574b3c4345d4ddf036b7390957b5148a102742266ec1a9ed1dc
    - path: capture/triage.yaml
      owner: capture-triage
      owner_type: module
      module_id: capture-triage
      mode: merge
      merge_strategy: merge
      artifact_role: managed-file
      source: module-template
      source_kind: module-template
      source_path: modules/capture-triage/templates/triage.yaml
      source_sha256: 84d91bec960ea982abc64822641dd7e6dc2ba77815ec97c7574d6c2cf2098a85
      sha256: a516599bd9835fd0c7e2a629999b2f1eb08c2dce58cfa71fb38a1eeab3402dc1
    - path: gardening/README.md
      owner: gardening-entropy-management
      owner_type: module
      module_id: gardening-entropy-management
      mode: merge
      merge_strategy: merge
      artifact_role: managed-file
      source: module-template
      source_kind: module-template
      source_path: modules/gardening-entropy-management/templates/README.md
      source_sha256: 789154181025125565663a25c91cf2ee1fa2717b2c86f4ce91c490b75a8fa9bf
      sha256: 963cf984c94eeccb8360d8a2848c5bad61a28c64073ff836ceb13b32eb0288f1
    - path: gardening/rules.yaml
      owner: gardening-entropy-management
      owner_type: module
      module_id: gardening-entropy-management
      mode: merge
      merge_strategy: merge
      artifact_role: managed-file
      source: module-template
      source_kind: module-template
      source_path: modules/gardening-entropy-management/templates/rules.yaml
      source_sha256: 29ae5d0164b929b833791ea890f1267bf88b9bc72841ec442c0c376bb65de0ac
      sha256: ca01c0860b4c3bbdd022786007ecb9edbe26a0592ce6c232956efbc20e0abe1e
    - path: gardening/snapshots.md
      owner: gardening-entropy-management
      owner_type: module
      module_id: gardening-entropy-management
      mode: merge
      merge_strategy: merge
      artifact_role: managed-file
      source: module-template
      source_kind: module-template
      source_path: modules/gardening-entropy-management/templates/snapshots.md
      source_sha256: d60f22f9378108358aae3483d30b6371a5e2ee52fdc74ec4ad727ae1fe2ef9f4
      sha256: 6b7990f219cb1e07811487eb6e5d3510ab532335ec9953137fb76ae679061652
    - path: index.yaml
      owner: progressive-orientation
      owner_type: module
      module_id: progressive-orientation
      mode: merge
      merge_strategy: merge
      artifact_role: managed-file
      source: generated
      source_kind: generated
      sha256: 2ba672407b35325dd01f18aa5041ce6a0f04eaa9c9270779de8bfede8cd6498e
    - path: invariants/golden-principles.yaml
      owner: invariants-golden-principles
      owner_type: module
      module_id: invariants-golden-principles
      mode: merge
      merge_strategy: merge
      artifact_role: managed-file
      source: module-template
      source_kind: module-template
      source_path: modules/invariants-golden-principles/templates/golden-principles.yaml
      source_sha256: 13a96d14a8807c42857f36b35530b8f4a79298db9c48ee222ed7e47d8771dad5
      sha256: 931203e44db0299921396411983266be9108a3b4f7614251e3ced02ce54fb7a2
    - path: legibility/inventory.yaml
      owner: application-corpus-legibility
      owner_type: module
      module_id: application-corpus-legibility
      mode: merge
      merge_strategy: merge
      artifact_role: managed-file
      source: module-template
      source_kind: module-template
      source_path: modules/application-corpus-legibility/templates/inventory.yaml
      source_sha256: 2768ff0a5fedf312e1ccb57e1fd5c7d5937126519689f16b8790b41e842c475e
      sha256: 2b06c2a69b68a14756bcb40bc0fdc4fcd01efef258e389f75a33eb68855c56fb
    - path: legibility/notes.md
      owner: application-corpus-legibility
      owner_type: module
      module_id: application-corpus-legibility
      mode: merge
      merge_strategy: merge
      artifact_role: managed-file
      source: module-template
      source_kind: module-template
      source_path: modules/application-corpus-legibility/templates/notes.md
      source_sha256: 11a2ffee3dea6f782ca432719482fbdf29a23ef1798ac768dec780fdc2fedc9e
      sha256: cb21e51a81a526b31f3232ed5425931a37089141c428ec8f2c8668e524abe276
    - path: legibility/README.md
      owner: application-corpus-legibility
      owner_type: module
      module_id: application-corpus-legibility
      mode: merge
      merge_strategy: merge
      artifact_role: managed-file
      source: module-template
      source_kind: module-template
      source_path: modules/application-corpus-legibility/templates/README.md
      source_sha256: 1b8b29e115fb008f8ba8a8ae43202aa30815530a139081d479ef18e1733e74e9
      sha256: ad0cf5d068593ea616ef04d0993b4ba180e1893ccc64c65a61a7a7453c81de17
    - path: memory/operator-preferences.yaml
      owner: durable-memory
      owner_type: module
      module_id: durable-memory
      mode: merge
      merge_strategy: merge
      artifact_role: managed-file
      source: module-template
      source_kind: module-template
      source_path: modules/durable-memory/templates/operator-preferences.yaml
      source_sha256: 5dfd706dd236c557d8dd9bf9d37998b7ecdd3a6af9821d5ac95d6258f103f067
      sha256: cc53310b0224547cdcf008bc9bed4cf8e52d4cee97834496941462febefa8653
    - path: memory/README.md
      owner: durable-memory
      owner_type: module
      module_id: durable-memory
      mode: merge
      merge_strategy: merge
      artifact_role: managed-file
      source: module-template
      source_kind: module-template
      source_path: modules/durable-memory/templates/README.md
      source_sha256: ea8923140cdc0ee0b4c8664114d14d1df54ef51e209797d7293b11f1e19d21fc
      sha256: a879722d68232d64581e0f5ce8370219279b3e4d2d610d4e770fb1869800984d
    - path: memory/repo-notes.md
      owner: durable-memory
      owner_type: module
      module_id: durable-memory
      mode: merge
      merge_strategy: merge
      artifact_role: managed-file
      source: module-template
      source_kind: module-template
      source_path: modules/durable-memory/templates/repo-notes.md
      source_sha256: d92ad82cf6a850832d53aef37348b1c7c60d56cb41b53e5f82e5874760a3f56c
      sha256: 1017971801597bb4ef084cd45fa372aa9c756d1c16ae6b485b83b6d697455094
    - path: memory/session-summaries.md
      owner: durable-memory
      owner_type: module
      module_id: durable-memory
      mode: merge
      merge_strategy: merge
      artifact_role: managed-file
      source: module-template
      source_kind: module-template
      source_path: modules/durable-memory/templates/session-summaries.md
      source_sha256: 81726c34f7a1dfa7f9316d6dbdcd85051b6e8cbab2d707f887bb72d7137fc019
      sha256: f6689d3ff7c4d8c8687c1a81b67b3e0e448d0e9eceb672122b7795a961746a04
    - path: metadata/artifacts.yaml
      owner: structured-metadata
      owner_type: module
      module_id: structured-metadata
      mode: merge
      merge_strategy: merge
      artifact_role: managed-file
      source: module-template
      source_kind: module-template
      source_path: modules/structured-metadata/templates/artifacts.yaml
      source_sha256: 140bcd48f9bde69fba3f2058fb67f320c314f334eaa347c428694a8b5e278ac9
      sha256: 7ed8eafca18905933cc328e746d51d52413ebb895bd46708f107c1c5e4a17ca1
    - path: modules/agent-operating-contract/module.yaml
      owner: agent-operating-contract
      owner_type: module
      module_id: agent-operating-contract
      mode: replace
      merge_strategy: replace
      artifact_role: module-definition
      source: module-definition
      source_kind: module-definition
      source_path: modules/agent-operating-contract/module.yaml
      source_sha256: d1a717e10bbd14d043938789b336a8cd87cf9db865b19e43eb6fb3f0869b056a
      sha256: d1a717e10bbd14d043938789b336a8cd87cf9db865b19e43eb6fb3f0869b056a
    - path: modules/application-corpus-legibility/module.yaml
      owner: application-corpus-legibility
      owner_type: module
      module_id: application-corpus-legibility
      mode: replace
      merge_strategy: replace
      artifact_role: module-definition
      source: module-definition
      source_kind: module-definition
      source_path: modules/application-corpus-legibility/module.yaml
      source_sha256: c0255d012248ed3835290290cf6f6ce18ce3e19584b5f8d1c627f7e04b21d064
      sha256: c0255d012248ed3835290290cf6f6ce18ce3e19584b5f8d1c627f7e04b21d064
    - path: modules/canonical-state/module.yaml
      owner: canonical-state
      owner_type: module
      module_id: canonical-state
      mode: replace
      merge_strategy: replace
      artifact_role: module-definition
      source: module-definition
      source_kind: module-definition
      source_path: modules/canonical-state/module.yaml
      source_sha256: d311a5ecbc512fa5d7b96b98c2dccd08c2c8a5ae37bc22b5f4924c3433c17b7a
      sha256: d311a5ecbc512fa5d7b96b98c2dccd08c2c8a5ae37bc22b5f4924c3433c17b7a
    - path: modules/capture-triage/module.yaml
      owner: capture-triage
      owner_type: module
      module_id: capture-triage
      mode: replace
      merge_strategy: replace
      artifact_role: module-definition
      source: module-definition
      source_kind: module-definition
      source_path: modules/capture-triage/module.yaml
      source_sha256: e981d3f53868f1664d2f8b11c9476dff6eae3869006492eb25a3f3b43436b3ad
      sha256: e981d3f53868f1664d2f8b11c9476dff6eae3869006492eb25a3f3b43436b3ad
    - path: modules/decisions-open-questions/module.yaml
      owner: decisions-open-questions
      owner_type: module
      module_id: decisions-open-questions
      mode: replace
      merge_strategy: replace
      artifact_role: module-definition
      source: module-definition
      source_kind: module-definition
      source_path: modules/decisions-open-questions/module.yaml
      source_sha256: e484b4761add4c8a99a486821aa1f5c97e7009af583e8197602b110ff7f15eea
      sha256: e484b4761add4c8a99a486821aa1f5c97e7009af583e8197602b110ff7f15eea
    - path: modules/durable-memory/module.yaml
      owner: durable-memory
      owner_type: module
      module_id: durable-memory
      mode: replace
      merge_strategy: replace
      artifact_role: module-definition
      source: module-definition
      source_kind: module-definition
      source_path: modules/durable-memory/module.yaml
      source_sha256: d62ca7fa7c6f2014a638b4420c440d2c3e3335ada863587a3a80135de8ff7455
      sha256: d62ca7fa7c6f2014a638b4420c440d2c3e3335ada863587a3a80135de8ff7455
    - path: modules/gardening-entropy-management/module.yaml
      owner: gardening-entropy-management
      owner_type: module
      module_id: gardening-entropy-management
      mode: replace
      merge_strategy: replace
      artifact_role: module-definition
      source: module-definition
      source_kind: module-definition
      source_path: modules/gardening-entropy-management/module.yaml
      source_sha256: 59d0927cbe5d66d66093c03fa404ade1c3d8eb1296eba8ca19a9bc8669a80d47
      sha256: 59d0927cbe5d66d66093c03fa404ade1c3d8eb1296eba8ca19a9bc8669a80d47
    - path: modules/invariants-golden-principles/module.yaml
      owner: invariants-golden-principles
      owner_type: module
      module_id: invariants-golden-principles
      mode: replace
      merge_strategy: replace
      artifact_role: module-definition
      source: module-definition
      source_kind: module-definition
      source_path: modules/invariants-golden-principles/module.yaml
      source_sha256: 9eb9a82ea2faa8c9a268d89d320bf0b84dafbd955597d1ea38069cb6461dffc3
      sha256: 9eb9a82ea2faa8c9a268d89d320bf0b84dafbd955597d1ea38069cb6461dffc3
    - path: modules/plans-and-status/module.yaml
      owner: plans-and-status
      owner_type: module
      module_id: plans-and-status
      mode: replace
      merge_strategy: replace
      artifact_role: module-definition
      source: module-definition
      source_kind: module-definition
      source_path: modules/plans-and-status/module.yaml
      source_sha256: e5fd791a98495d1e30a4885b6d6aed28e1fcd48e7f4717e53876315f920ff549
      sha256: e5fd791a98495d1e30a4885b6d6aed28e1fcd48e7f4717e53876315f920ff549
    - path: modules/progressive-orientation/module.yaml
      owner: progressive-orientation
      owner_type: module
      module_id: progressive-orientation
      mode: replace
      merge_strategy: replace
      artifact_role: module-definition
      source: module-definition
      source_kind: module-definition
      source_path: modules/progressive-orientation/module.yaml
      source_sha256: 82baabc082a08b478193b5a1c05f7f97355b85bf245f9788f9fb8da581093c89
      sha256: 82baabc082a08b478193b5a1c05f7f97355b85bf245f9788f9fb8da581093c89
    - path: modules/reconciliation-drift-detection/module.yaml
      owner: reconciliation-drift-detection
      owner_type: module
      module_id: reconciliation-drift-detection
      mode: replace
      merge_strategy: replace
      artifact_role: module-definition
      source: module-definition
      source_kind: module-definition
      source_path: modules/reconciliation-drift-detection/module.yaml
      source_sha256: b793912a7e4be8e371c342901f23e8b98f98aa86dad65594dd3c5cfc7ca8f8ca
      sha256: b793912a7e4be8e371c342901f23e8b98f98aa86dad65594dd3c5cfc7ca8f8ca
    - path: modules/reports-retrieval/module.yaml
      owner: reports-retrieval
      owner_type: module
      module_id: reports-retrieval
      mode: replace
      merge_strategy: replace
      artifact_role: module-definition
      source: module-definition
      source_kind: module-definition
      source_path: modules/reports-retrieval/module.yaml
      source_sha256: fbd44a4bf1407c21e6be3a7b1400af07e24d07e1dc958e9248754c232393f7c5
      sha256: fbd44a4bf1407c21e6be3a7b1400af07e24d07e1dc958e9248754c232393f7c5
    - path: modules/structured-metadata/module.yaml
      owner: structured-metadata
      owner_type: module
      module_id: structured-metadata
      mode: replace
      merge_strategy: replace
      artifact_role: module-definition
      source: module-definition
      source_kind: module-definition
      source_path: modules/structured-metadata/module.yaml
      source_sha256: 63cb698f1a5087dce143e7d13880f28f16bc7755d50fa284ae528c2a49a26696
      sha256: 63cb698f1a5087dce143e7d13880f28f16bc7755d50fa284ae528c2a49a26696
    - path: open-questions.yaml
      owner: decisions-open-questions
      owner_type: module
      module_id: decisions-open-questions
      mode: merge
      merge_strategy: merge
      artifact_role: managed-file
      source: module-template
      source_kind: module-template
      source_path: modules/decisions-open-questions/templates/open-questions.yaml
      source_sha256: d1ac79ec5a765928dcb54c5fd3a7441311f8361c4d65ebb04433a789ceb06bab
      sha256: 7cdae6b9aefdaf2a5f5c7854ba59655538e242614ce005537b05ad7435d56dee
    - path: plans/current.yaml
      owner: plans-and-status
      owner_type: module
      module_id: plans-and-status
      mode: merge
      merge_strategy: merge
      artifact_role: managed-file
      source: module-template
      source_kind: module-template
      source_path: modules/plans-and-status/templates/current.yaml
      source_sha256: db48e7e487d8353ad8fa9ec4863183efff28bdf9f1c884b09c541a6cc89b7c9c
      sha256: 9c51f6c6c99208ed31dc69759abf2b08dcdc99a33ca934f83a9017afd3f2f153
    - path: reconciliation/README.md
      owner: reconciliation-drift-detection
      owner_type: module
      module_id: reconciliation-drift-detection
      mode: merge
      merge_strategy: merge
      artifact_role: managed-file
      source: module-template
      source_kind: module-template
      source_path: modules/reconciliation-drift-detection/templates/README.md
      source_sha256: 2332e2062b65469a12d33a007f42e203d517b14fd4be0f328f9389924010d7b0
      sha256: e2a05fbf1178f97467fec1c3540fefc2c0350d4fe299ff605076425f0c1a3c8c
    - path: reconciliation/rules.yaml
      owner: reconciliation-drift-detection
      owner_type: module
      module_id: reconciliation-drift-detection
      mode: merge
      merge_strategy: merge
      artifact_role: managed-file
      source: module-template
      source_kind: module-template
      source_path: modules/reconciliation-drift-detection/templates/rules.yaml
      source_sha256: 3b9cc7f4b07e908e533c35d59aa18143d67b49473d79a416251951787054089a
      sha256: 509206bbb32152dc50cf1a2d28133c4f7b91c92848ab6387f7bf9987a297e1d9
    - path: reconciliation/snapshots.md
      owner: reconciliation-drift-detection
      owner_type: module
      module_id: reconciliation-drift-detection
      mode: merge
      merge_strategy: merge
      artifact_role: managed-file
      source: module-template
      source_kind: module-template
      source_path: modules/reconciliation-drift-detection/templates/snapshots.md
      source_sha256: f915bc58f9ae7860f5750e7f285e85a7aa59602b79e67e832a8acde772053975
      sha256: 15f1b7360ef9c6a8cde1f0ebc5f8f9a9e318554158b72b1851a0b07b018bc7cc
    - path: reports/catalog.yaml
      owner: reports-retrieval
      owner_type: module
      module_id: reports-retrieval
      mode: merge
      merge_strategy: merge
      artifact_role: managed-file
      source: module-template
      source_kind: module-template
      source_path: modules/reports-retrieval/templates/catalog.yaml
      source_sha256: 289c83040a1032fd9b8770ecefaf2f2ef1e0f14c990f1ebb57ca0760e22232c8
      sha256: ab6e168bc9a1e9590969e8d04a3c4aafd5c2024c7e48060693696f3a4aab91a7
    - path: reports/README.md
      owner: reports-retrieval
      owner_type: module
      module_id: reports-retrieval
      mode: merge
      merge_strategy: merge
      artifact_role: managed-file
      source: module-template
      source_kind: module-template
      source_path: modules/reports-retrieval/templates/README.md
      source_sha256: dac8a5ded947e5a4d09a54d7e8db4287e47b32bf600100e8c81df13128e936b9
      sha256: 1b5fb26a63e9bf709a4bd9a904a40d7edaf28cbe7cf6e41b7f79e02902af0da2
    - path: reports/snapshots.md
      owner: reports-retrieval
      owner_type: module
      module_id: reports-retrieval
      mode: merge
      merge_strategy: merge
      artifact_role: managed-file
      source: module-template
      source_kind: module-template
      source_path: modules/reports-retrieval/templates/snapshots.md
      source_sha256: 3f956c1f4a2b225fdc19c22152e1521b6cdb349870658c31d8a217f21622bc74
      sha256: 24dae7770b2dff5c9c4276cfcfbb8b906a2a2db52a8155eebd55913f04f997de
    - path: state/canonical-state.yaml
      owner: canonical-state
      owner_type: module
      module_id: canonical-state
      mode: merge
      merge_strategy: merge
      artifact_role: managed-file
      source: module-template
      source_kind: module-template
      source_path: modules/canonical-state/templates/canonical-state.yaml
      source_sha256: cf3ca0adef922711b744cbed03adbd19e8824cf5c6908eebc3edbef68a20f1c5
      sha256: d7f90f5d2740eec41f6224af2912561302e088666f19a1c546739b4603fc9685
    - path: state/CONTEXT.md
      owner: progressive-orientation
      owner_type: module
      module_id: progressive-orientation
      mode: merge
      merge_strategy: merge
      artifact_role: managed-file
      source: generated
      source_kind: generated
      sha256: cda7a3218ceaaae046fe2cb122d1bd7d3a1064a1d694e35f4cd3bf9832b13d61
    - path: status.md
      owner: agent-operating-contract
      owner_type: module
      module_id: agent-operating-contract
      mode: merge
      merge_strategy: merge
      artifact_role: managed-file
      source: generated
      source_kind: generated
      sha256: 3200495b09dadf420d52bca227212418243dbe041726cb36a76223987f60bce3
    - path: templates/decision.md
      owner: decisions-open-questions
      owner_type: module
      module_id: decisions-open-questions
      mode: merge
      merge_strategy: merge
      artifact_role: managed-file
      source: module-template
      source_kind: module-template
      source_path: modules/decisions-open-questions/templates/decision.md
      source_sha256: 63bd160e26a2475b83843705f2a77bda578b7111490a8dfd4c368f3a58f6daed
      sha256: 63bd160e26a2475b83843705f2a77bda578b7111490a8dfd4c368f3a58f6daed
