lock:
  version: 1
  generated_at: 2026-05-15
  package: portable-harness
  harness_version: 0.1.0
  profile: dogfood
  source:
    type: local
    path: ~/code/harness
    channel: dev
  modules:
    - id: agent-operating-contract
      version: 0.1.0
    - id: progressive-orientation
      version: 0.1.0
    - id: decisions-open-questions
      version: 0.1.0
    - id: structured-metadata
      version: 0.1.0
    - id: canonical-state
      version: 0.1.0
    - id: invariants-golden-principles
      version: 0.1.0
  files:
    - path: .harness/manifest.yaml
      owner: harness-lifecycle
      owner_type: harness-lifecycle
      mode: replace
      merge_strategy: replace
      artifact_role: installed-manifest
      source: generated-manifest
      source_kind: generated-manifest
      sha256: 02de4c820a9af499e9f77deb96164c3571a65adb653aee5e4cbcab597c4b72d7
    - path: AGENTS.md
      owner: agent-operating-contract
      owner_type: module
      module_id: agent-operating-contract
      mode: merge
      merge_strategy: merge
      artifact_role: managed-file
      source: generated
      source_kind: generated
      sha256: 6dc825a0cb6f250e59345ce0eed53e77529ce88ec24e7b86ffea9ceef0ee824c
    - path: index.yaml
      owner: progressive-orientation
      owner_type: module
      module_id: progressive-orientation
      mode: merge
      merge_strategy: merge
      artifact_role: managed-file
      source: generated
      source_kind: generated
      sha256: 726c84c31d5ed2c2624bc44bcb02422780b62430bbea291539a6e0d5a3da8165
    - path: invariants/golden-principles.yaml
      owner: invariants-golden-principles
      owner_type: module
      module_id: invariants-golden-principles
      mode: merge
      merge_strategy: merge
      artifact_role: managed-file
      source: module-template
      source_kind: module-template
      source_path: modules/invariants-golden-principles/templates/golden-principles.yaml
      source_sha256: 13a96d14a8807c42857f36b35530b8f4a79298db9c48ee222ed7e47d8771dad5
      sha256: 931203e44db0299921396411983266be9108a3b4f7614251e3ced02ce54fb7a2
    - path: metadata/artifacts.yaml
      owner: structured-metadata
      owner_type: module
      module_id: structured-metadata
      mode: merge
      merge_strategy: merge
      artifact_role: managed-file
      source: module-template
      source_kind: module-template
      source_path: modules/structured-metadata/templates/artifacts.yaml
      source_sha256: 140bcd48f9bde69fba3f2058fb67f320c314f334eaa347c428694a8b5e278ac9
      sha256: 7e4980f152004dcf4b6c1a7b43cd31065ed6f237e7d6a7c7e14597f7ec9e56a5
    - path: modules/agent-operating-contract/module.yaml
      owner: agent-operating-contract
      owner_type: module
      module_id: agent-operating-contract
      mode: replace
      merge_strategy: replace
      artifact_role: module-definition
      source: module-definition
      source_kind: module-definition
      source_path: modules/agent-operating-contract/module.yaml
      source_sha256: 82c62d9894b67eb79c709b6db928b7e3cfe40965bcb3d559dd51de00bed561dc
      sha256: 82c62d9894b67eb79c709b6db928b7e3cfe40965bcb3d559dd51de00bed561dc
    - path: modules/canonical-state/module.yaml
      owner: canonical-state
      owner_type: module
      module_id: canonical-state
      mode: replace
      merge_strategy: replace
      artifact_role: module-definition
      source: module-definition
      source_kind: module-definition
      source_path: modules/canonical-state/module.yaml
      source_sha256: d311a5ecbc512fa5d7b96b98c2dccd08c2c8a5ae37bc22b5f4924c3433c17b7a
      sha256: d311a5ecbc512fa5d7b96b98c2dccd08c2c8a5ae37bc22b5f4924c3433c17b7a
    - path: modules/decisions-open-questions/module.yaml
      owner: decisions-open-questions
      owner_type: module
      module_id: decisions-open-questions
      mode: replace
      merge_strategy: replace
      artifact_role: module-definition
      source: module-definition
      source_kind: module-definition
      source_path: modules/decisions-open-questions/module.yaml
      source_sha256: e484b4761add4c8a99a486821aa1f5c97e7009af583e8197602b110ff7f15eea
      sha256: e484b4761add4c8a99a486821aa1f5c97e7009af583e8197602b110ff7f15eea
    - path: modules/invariants-golden-principles/module.yaml
      owner: invariants-golden-principles
      owner_type: module
      module_id: invariants-golden-principles
      mode: replace
      merge_strategy: replace
      artifact_role: module-definition
      source: module-definition
      source_kind: module-definition
      source_path: modules/invariants-golden-principles/module.yaml
      source_sha256: 9eb9a82ea2faa8c9a268d89d320bf0b84dafbd955597d1ea38069cb6461dffc3
      sha256: 9eb9a82ea2faa8c9a268d89d320bf0b84dafbd955597d1ea38069cb6461dffc3
    - path: modules/progressive-orientation/module.yaml
      owner: progressive-orientation
      owner_type: module
      module_id: progressive-orientation
      mode: replace
      merge_strategy: replace
      artifact_role: module-definition
      source: module-definition
      source_kind: module-definition
      source_path: modules/progressive-orientation/module.yaml
      source_sha256: 82baabc082a08b478193b5a1c05f7f97355b85bf245f9788f9fb8da581093c89
      sha256: 82baabc082a08b478193b5a1c05f7f97355b85bf245f9788f9fb8da581093c89
    - path: modules/structured-metadata/module.yaml
      owner: structured-metadata
      owner_type: module
      module_id: structured-metadata
      mode: replace
      merge_strategy: replace
      artifact_role: module-definition
      source: module-definition
      source_kind: module-definition
      source_path: modules/structured-metadata/module.yaml
      source_sha256: 63cb698f1a5087dce143e7d13880f28f16bc7755d50fa284ae528c2a49a26696
      sha256: 63cb698f1a5087dce143e7d13880f28f16bc7755d50fa284ae528c2a49a26696
    - path: open-questions.yaml
      owner: decisions-open-questions
      owner_type: module
      module_id: decisions-open-questions
      mode: merge
      merge_strategy: merge
      artifact_role: managed-file
      source: module-template
      source_kind: module-template
      source_path: modules/decisions-open-questions/templates/open-questions.yaml
      source_sha256: d1ac79ec5a765928dcb54c5fd3a7441311f8361c4d65ebb04433a789ceb06bab
      sha256: 2b2e9372d448747afd199af2bf53693256b15c2135e1681d076400bd11b4c07c
    - path: state/canonical-state.yaml
      owner: canonical-state
      owner_type: module
      module_id: canonical-state
      mode: merge
      merge_strategy: merge
      artifact_role: managed-file
      source: module-template
      source_kind: module-template
      source_path: modules/canonical-state/templates/canonical-state.yaml
      source_sha256: cf3ca0adef922711b744cbed03adbd19e8824cf5c6908eebc3edbef68a20f1c5
      sha256: 9b7c865963c7fec1bad3b8a765e504b8970689f3aaca5b776a0a88a8d414aabd
    - path: state/CONTEXT.md
      owner: progressive-orientation
      owner_type: module
      module_id: progressive-orientation
      mode: merge
      merge_strategy: merge
      artifact_role: managed-file
      source: generated
      source_kind: generated
      sha256: 3d25e7beed0d49a0d8f41ef551975bbbad8c5082544e759b13763725b0dad945
    - path: status.md
      owner: agent-operating-contract
      owner_type: module
      module_id: agent-operating-contract
      mode: merge
      merge_strategy: merge
      artifact_role: managed-file
      source: generated
      source_kind: generated
      sha256: 08b86ddc72bfb607835c93c15e6554a1a3f1f66abe2df1cbc747c6c6aba87646
    - path: templates/decision.md
      owner: decisions-open-questions
      owner_type: module
      module_id: decisions-open-questions
      mode: merge
      merge_strategy: merge
      artifact_role: managed-file
      source: module-template
      source_kind: module-template
      source_path: modules/decisions-open-questions/templates/decision.md
      source_sha256: 63bd160e26a2475b83843705f2a77bda578b7111490a8dfd4c368f3a58f6daed
      sha256: 63bd160e26a2475b83843705f2a77bda578b7111490a8dfd4c368f3a58f6daed
