lock:
  version: 1
  generated_at: 2026-05-25
  package: portable-harness
  harness_version: 0.1.0
  profile: full
  source:
    type: local
    path: ~/code/harness
    channel: dev
    install_model: installed-instance
  modules:
    - id: agent-operating-contract
      version: 0.1.0
    - id: progressive-orientation
      version: 0.1.0
    - id: decisions-open-questions
      version: 0.1.0
    - id: structured-metadata
      version: 0.1.0
    - id: canonical-state
      version: 0.1.0
    - id: invariants-golden-principles
      version: 0.1.0
    - id: plans-and-status
      version: 0.1.0
  files:
    - path: .gitignore
      owner: harness-lifecycle
      owner_type: harness-lifecycle
      mode: replace
      merge_strategy: replace
      artifact_role: module-artifact
      source: module-template
      source_kind: module-template
      source_path: modules/agent-operating-contract/templates/gitignore
      source_sha256: 7c2516ac2a0a87620379ffeab1ff3ec1fcacc5d6991499d8b7977ac338c2d594
      sha256: 7adc6446da3735f4330bf240b75baebd874dd1f6d04f0308942f80e785610aa4
    - path: .harness/manifest.yaml
      owner: harness-lifecycle
      owner_type: harness-lifecycle
      mode: replace
      merge_strategy: replace
      artifact_role: installed-manifest
      source: generated-manifest
      source_kind: generated-manifest
      sha256: 6e463b766820c2f570583486daf40824167f6abb77f3e61bc43b4da6c3b1b748
    - path: AGENTS.md
      owner: agent-operating-contract
      owner_type: module
      module_id: agent-operating-contract
      mode: merge
      merge_strategy: merge
      artifact_role: managed-file
      source: generated
      source_kind: generated
      sha256: e284e2633e3be3b6e9ecd45748aed331a2d1c44a133c87218b003a83b7c9e9a3
    - path: index.yaml
      owner: progressive-orientation
      owner_type: module
      module_id: progressive-orientation
      mode: merge
      merge_strategy: merge
      artifact_role: managed-file
      source: generated
      source_kind: generated
      sha256: a95ec92bee07ad64ac610a3071fa5c075a6a49ea43d499fea51a5a1bfe710494
    - path: invariants/golden-principles.yaml
      owner: invariants-golden-principles
      owner_type: module
      module_id: invariants-golden-principles
      mode: merge
      merge_strategy: merge
      artifact_role: managed-file
      source: module-template
      source_kind: module-template
      source_path: modules/invariants-golden-principles/templates/golden-principles.yaml
      source_sha256: 13a96d14a8807c42857f36b35530b8f4a79298db9c48ee222ed7e47d8771dad5
      sha256: 931203e44db0299921396411983266be9108a3b4f7614251e3ced02ce54fb7a2
    - path: metadata/artifacts.yaml
      owner: structured-metadata
      owner_type: module
      module_id: structured-metadata
      mode: merge
      merge_strategy: merge
      artifact_role: managed-file
      source: module-template
      source_kind: module-template
      source_path: modules/structured-metadata/templates/artifacts.yaml
      source_sha256: 140bcd48f9bde69fba3f2058fb67f320c314f334eaa347c428694a8b5e278ac9
      sha256: b31054a4828cbe95ce563436bb88284572516d4d8ef8e675108759b16345955b
    - path: modules/agent-operating-contract/module.yaml
      owner: agent-operating-contract
      owner_type: module
      module_id: agent-operating-contract
      mode: replace
      merge_strategy: replace
      artifact_role: module-definition
      source: module-definition
      source_kind: module-definition
      source_path: modules/agent-operating-contract/module.yaml
      source_sha256: d1a717e10bbd14d043938789b336a8cd87cf9db865b19e43eb6fb3f0869b056a
      sha256: d1a717e10bbd14d043938789b336a8cd87cf9db865b19e43eb6fb3f0869b056a
    - path: modules/canonical-state/module.yaml
      owner: canonical-state
      owner_type: module
      module_id: canonical-state
      mode: replace
      merge_strategy: replace
      artifact_role: module-definition
      source: module-definition
      source_kind: module-definition
      source_path: modules/canonical-state/module.yaml
      source_sha256: d311a5ecbc512fa5d7b96b98c2dccd08c2c8a5ae37bc22b5f4924c3433c17b7a
      sha256: d311a5ecbc512fa5d7b96b98c2dccd08c2c8a5ae37bc22b5f4924c3433c17b7a
    - path: modules/decisions-open-questions/module.yaml
      owner: decisions-open-questions
      owner_type: module
      module_id: decisions-open-questions
      mode: replace
      merge_strategy: replace
      artifact_role: module-definition
      source: module-definition
      source_kind: module-definition
      source_path: modules/decisions-open-questions/module.yaml
      source_sha256: e484b4761add4c8a99a486821aa1f5c97e7009af583e8197602b110ff7f15eea
      sha256: e484b4761add4c8a99a486821aa1f5c97e7009af583e8197602b110ff7f15eea
    - path: modules/invariants-golden-principles/module.yaml
      owner: invariants-golden-principles
      owner_type: module
      module_id: invariants-golden-principles
      mode: replace
      merge_strategy: replace
      artifact_role: module-definition
      source: module-definition
      source_kind: module-definition
      source_path: modules/invariants-golden-principles/module.yaml
      source_sha256: 9eb9a82ea2faa8c9a268d89d320bf0b84dafbd955597d1ea38069cb6461dffc3
      sha256: 9eb9a82ea2faa8c9a268d89d320bf0b84dafbd955597d1ea38069cb6461dffc3
    - path: modules/plans-and-status/module.yaml
      owner: plans-and-status
      owner_type: module
      module_id: plans-and-status
      mode: replace
      merge_strategy: replace
      artifact_role: module-definition
      source: module-definition
      source_kind: module-definition
      source_path: modules/plans-and-status/module.yaml
      source_sha256: e5fd791a98495d1e30a4885b6d6aed28e1fcd48e7f4717e53876315f920ff549
      sha256: e5fd791a98495d1e30a4885b6d6aed28e1fcd48e7f4717e53876315f920ff549
    - path: modules/progressive-orientation/module.yaml
      owner: progressive-orientation
      owner_type: module
      module_id: progressive-orientation
      mode: replace
      merge_strategy: replace
      artifact_role: module-definition
      source: module-definition
      source_kind: module-definition
      source_path: modules/progressive-orientation/module.yaml
      source_sha256: 82baabc082a08b478193b5a1c05f7f97355b85bf245f9788f9fb8da581093c89
      sha256: 82baabc082a08b478193b5a1c05f7f97355b85bf245f9788f9fb8da581093c89
    - path: modules/structured-metadata/module.yaml
      owner: structured-metadata
      owner_type: module
      module_id: structured-metadata
      mode: replace
      merge_strategy: replace
      artifact_role: module-definition
      source: module-definition
      source_kind: module-definition
      source_path: modules/structured-metadata/module.yaml
      source_sha256: 63cb698f1a5087dce143e7d13880f28f16bc7755d50fa284ae528c2a49a26696
      sha256: 63cb698f1a5087dce143e7d13880f28f16bc7755d50fa284ae528c2a49a26696
    - path: open-questions.yaml
      owner: decisions-open-questions
      owner_type: module
      module_id: decisions-open-questions
      mode: merge
      merge_strategy: merge
      artifact_role: managed-file
      source: module-template
      source_kind: module-template
      source_path: modules/decisions-open-questions/templates/open-questions.yaml
      source_sha256: d1ac79ec5a765928dcb54c5fd3a7441311f8361c4d65ebb04433a789ceb06bab
      sha256: 7cdae6b9aefdaf2a5f5c7854ba59655538e242614ce005537b05ad7435d56dee
    - path: plans/current.yaml
      owner: plans-and-status
      owner_type: module
      module_id: plans-and-status
      mode: merge
      merge_strategy: merge
      artifact_role: managed-file
      source: module-template
      source_kind: module-template
      source_path: modules/plans-and-status/templates/current.yaml
      source_sha256: db48e7e487d8353ad8fa9ec4863183efff28bdf9f1c884b09c541a6cc89b7c9c
      sha256: 14f9f1e2bbc9e541d7e8b67ff9fd28a9631cc941f25aaef25c3adaf9f440ab59
    - path: state/canonical-state.yaml
      owner: canonical-state
      owner_type: module
      module_id: canonical-state
      mode: merge
      merge_strategy: merge
      artifact_role: managed-file
      source: module-template
      source_kind: module-template
      source_path: modules/canonical-state/templates/canonical-state.yaml
      source_sha256: cf3ca0adef922711b744cbed03adbd19e8824cf5c6908eebc3edbef68a20f1c5
      sha256: e5bceeb3b8fbd82ae73657dcc09b7265e11fee92e926f3f43d614d2b682fe6dc
    - path: state/CONTEXT.md
      owner: progressive-orientation
      owner_type: module
      module_id: progressive-orientation
      mode: merge
      merge_strategy: merge
      artifact_role: managed-file
      source: generated
      source_kind: generated
      sha256: d011bcedf8fdad2e3558423315b38482df710ecaceadb7a236e6dd05d56b0b98
    - path: status.md
      owner: agent-operating-contract
      owner_type: module
      module_id: agent-operating-contract
      mode: merge
      merge_strategy: merge
      artifact_role: managed-file
      source: generated
      source_kind: generated
      sha256: aa7de8ac6685b008a5ccddc8997014f9e30b4cea99d5f09d822cb6481ec4edac
    - path: templates/decision.md
      owner: decisions-open-questions
      owner_type: module
      module_id: decisions-open-questions
      mode: merge
      merge_strategy: merge
      artifact_role: managed-file
      source: module-template
      source_kind: module-template
      source_path: modules/decisions-open-questions/templates/decision.md
      source_sha256: 63bd160e26a2475b83843705f2a77bda578b7111490a8dfd4c368f3a58f6daed
      sha256: 63bd160e26a2475b83843705f2a77bda578b7111490a8dfd4c368f3a58f6daed
